
Microsoft Visual Studio Solution File, Format Version 12.00
# Visual Studio 2012
Project("{FAE04EC0-301F-11D3-BF4B-00C04F79EFBC}") = "NewsFeed", "NewsFeed\NewsFeed.csproj", "{A770DC55-876F-4CCC-AA07-4FAFA3EDE40F}"
EndProject
Global
	GlobalSection(SolutionConfigurationPlatforms) = preSolution
		Debug|Any CPU = Debug|Any CPU
		Release|Any CPU = Release|Any CPU
	EndGlobalSection
	GlobalSection(ProjectConfigurationPlatforms) = postSolution
		{A770DC55-876F-4CCC-AA07-4FAFA3EDE40F}.Debug|Any CPU.ActiveCfg = Debug|Any CPU
		{A770DC55-876F-4CCC-AA07-4FAFA3EDE40F}.Debug|Any CPU.Build.0 = Debug|Any CPU
		{A770DC55-876F-4CCC-AA07-4FAFA3EDE40F}.Release|Any CPU.ActiveCfg = Release|Any CPU
		{A770DC55-876F-4CCC-AA07-4FAFA3EDE40F}.Release|Any CPU.Build.0 = Release|Any CPU
	EndGlobalSection
	GlobalSection(SolutionProperties) = preSolution
		HideSolutionNode = FALSE
	EndGlobalSection
EndGlobal
